<?xml version="1.0" encoding="utf-8"?>
<Project ToolsVersion="4.0" xmlns="http://schemas.microsoft.com/developer/msbuild/2003">
  <ItemGroup>
    <Filter Include="Source Files">
      <UniqueIdentifier>{4FC737F1-C7A5-4376-A066-2A32D752A2FF}</UniqueIdentifier>
      <Extensions>cpp;c;cc;cxx;c++;cppm;ixx;def;odl;idl;hpj;bat;asm;asmx</Extensions>
    </Filter>
    <Filter Include="Header Files">
      <UniqueIdentifier>{93995380-89BD-4b04-88EB-625FBE52EBFB}</UniqueIdentifier>
      <Extensions>h;hh;hpp;hxx;h++;hm;inl;inc;ipp;xsd</Extensions>
    </Filter>
    <Filter Include="Resource Files">
      <UniqueIdentifier>{67DA6AB6-F800-4c08-8B7A-83BB121AAD01}</UniqueIdentifier>
      <Extensions>rc;ico;cur;bmp;dlg;rc2;rct;bin;rgs;gif;jpg;jpeg;jpe;resx;tiff;tif;png;wav;mfcribbon-ms</Extensions>
    </Filter>
  </ItemGroup>
  <ItemGroup>
    <ClCompile Include="include\base64\base64.cpp">
      <Filter>Source Files</Filter>
    </ClCompile>
    <ClCompile Include="include\discord-sdk\achievement_manager.cpp">
      <Filter>Source Files</Filter>
    </ClCompile>
    <ClCompile Include="include\discord-sdk\activity_manager.cpp">
      <Filter>Source Files</Filter>
    </ClCompile>
    <ClCompile Include="include\discord-sdk\application_manager.cpp">
      <Filter>Source Files</Filter>
    </ClCompile>
    <ClCompile Include="include\discord-sdk\core.cpp">
      <Filter>Source Files</Filter>
    </ClCompile>
    <ClCompile Include="include\discord-sdk\image_manager.cpp">
      <Filter>Source Files</Filter>
    </ClCompile>
    <ClCompile Include="include\discord-sdk\lobby_manager.cpp">
      <Filter>Source Files</Filter>
    </ClCompile>
    <ClCompile Include="include\discord-sdk\network_manager.cpp">
      <Filter>Source Files</Filter>
    </ClCompile>
    <ClCompile Include="include\discord-sdk\overlay_manager.cpp">
      <Filter>Source Files</Filter>
    </ClCompile>
    <ClCompile Include="include\discord-sdk\relationship_manager.cpp">
      <Filter>Source Files</Filter>
    </ClCompile>
    <ClCompile Include="include\discord-sdk\storage_manager.cpp">
      <Filter>Source Files</Filter>
    </ClCompile>
    <ClCompile Include="include\discord-sdk\store_manager.cpp">
      <Filter>Source Files</Filter>
    </ClCompile>
    <ClCompile Include="include\discord-sdk\types.cpp">
      <Filter>Source Files</Filter>
    </ClCompile>
    <ClCompile Include="include\discord-sdk\user_manager.cpp">
      <Filter>Source Files</Filter>
    </ClCompile>
    <ClCompile Include="include\discord-sdk\voice_manager.cpp">
      <Filter>Source Files</Filter>
    </ClCompile>
    <ClCompile Include="ValorantDiscordPresence.cpp">
      <Filter>Source Files</Filter>
    </ClCompile>
    <ClCompile Include="include\ixwebsocket\IXBench.cpp">
      <Filter>Source Files</Filter>
    </ClCompile>
    <ClCompile Include="include\ixwebsocket\IXCancellationRequest.cpp">
      <Filter>Source Files</Filter>
    </ClCompile>
    <ClCompile Include="include\ixwebsocket\IXConnectionState.cpp">
      <Filter>Source Files</Filter>
    </ClCompile>
    <ClCompile Include="include\ixwebsocket\IXDNSLookup.cpp">
      <Filter>Source Files</Filter>
    </ClCompile>
    <ClCompile Include="include\ixwebsocket\IXExponentialBackoff.cpp">
      <Filter>Source Files</Filter>
    </ClCompile>
    <ClCompile Include="include\ixwebsocket\IXGetFreePort.cpp">
      <Filter>Source Files</Filter>
    </ClCompile>
    <ClCompile Include="include\ixwebsocket\IXGzipCodec.cpp">
      <Filter>Source Files</Filter>
    </ClCompile>
    <ClCompile Include="include\ixwebsocket\IXHttp.cpp">
      <Filter>Source Files</Filter>
    </ClCompile>
    <ClCompile Include="include\ixwebsocket\IXHttpClient.cpp">
      <Filter>Source Files</Filter>
    </ClCompile>
    <ClCompile Include="include\ixwebsocket\IXHttpServer.cpp">
      <Filter>Source Files</Filter>
    </ClCompile>
    <ClCompile Include="include\ixwebsocket\IXNetSystem.cpp">
      <Filter>Source Files</Filter>
    </ClCompile>
    <ClCompile Include="include\ixwebsocket\IXSelectInterrupt.cpp">
      <Filter>Source Files</Filter>
    </ClCompile>
    <ClCompile Include="include\ixwebsocket\IXSelectInterruptFactory.cpp">
      <Filter>Source Files</Filter>
    </ClCompile>
    <ClCompile Include="include\ixwebsocket\IXSelectInterruptPipe.cpp">
      <Filter>Source Files</Filter>
    </ClCompile>
    <ClCompile Include="include\ixwebsocket\IXSetThreadName.cpp">
      <Filter>Source Files</Filter>
    </ClCompile>
    <ClCompile Include="include\ixwebsocket\IXSocket.cpp">
      <Filter>Source Files</Filter>
    </ClCompile>
    <ClCompile Include="include\ixwebsocket\IXSocketAppleSSL.cpp">
      <Filter>Source Files</Filter>
    </ClCompile>
    <ClCompile Include="include\ixwebsocket\IXSocketConnect.cpp">
      <Filter>Source Files</Filter>
    </ClCompile>
    <ClCompile Include="include\ixwebsocket\IXSocketFactory.cpp">
      <Filter>Source Files</Filter>
    </ClCompile>
    <ClCompile Include="include\ixwebsocket\IXSocketMbedTLS.cpp">
      <Filter>Source Files</Filter>
    </ClCompile>
    <ClCompile Include="include\ixwebsocket\IXSocketOpenSSL.cpp">
      <Filter>Source Files</Filter>
    </ClCompile>
    <ClCompile Include="include\ixwebsocket\IXSocketServer.cpp">
      <Filter>Source Files</Filter>
    </ClCompile>
    <ClCompile Include="include\ixwebsocket\IXSocketTLSOptions.cpp">
      <Filter>Source Files</Filter>
    </ClCompile>
    <ClCompile Include="include\ixwebsocket\IXStrCaseCompare.cpp">
      <Filter>Source Files</Filter>
    </ClCompile>
    <ClCompile Include="include\ixwebsocket\IXUdpSocket.cpp">
      <Filter>Source Files</Filter>
    </ClCompile>
    <ClCompile Include="include\ixwebsocket\IXUrlParser.cpp">
      <Filter>Source Files</Filter>
    </ClCompile>
    <ClCompile Include="include\ixwebsocket\IXUserAgent.cpp">
      <Filter>Source Files</Filter>
    </ClCompile>
    <ClCompile Include="include\ixwebsocket\IXUuid.cpp">
      <Filter>Source Files</Filter>
    </ClCompile>
    <ClCompile Include="include\ixwebsocket\IXWebSocket.cpp">
      <Filter>Source Files</Filter>
    </ClCompile>
    <ClCompile Include="include\ixwebsocket\IXWebSocketCloseConstants.cpp">
      <Filter>Source Files</Filter>
    </ClCompile>
    <ClCompile Include="include\ixwebsocket\IXWebSocketHandshake.cpp">
      <Filter>Source Files</Filter>
    </ClCompile>
    <ClCompile Include="include\ixwebsocket\IXWebSocketHttpHeaders.cpp">
      <Filter>Source Files</Filter>
    </ClCompile>
    <ClCompile Include="include\ixwebsocket\IXWebSocketPerMessageDeflate.cpp">
      <Filter>Source Files</Filter>
    </ClCompile>
    <ClCompile Include="include\ixwebsocket\IXWebSocketPerMessageDeflateCodec.cpp">
      <Filter>Source Files</Filter>
    </ClCompile>
    <ClCompile Include="include\ixwebsocket\IXWebSocketPerMessageDeflateOptions.cpp">
      <Filter>Source Files</Filter>
    </ClCompile>
    <ClCompile Include="include\ixwebsocket\IXWebSocketProxyServer.cpp">
      <Filter>Source Files</Filter>
    </ClCompile>
    <ClCompile Include="include\ixwebsocket\IXWebSocketServer.cpp">
      <Filter>Source Files</Filter>
    </ClCompile>
    <ClCompile Include="include\ixwebsocket\IXWebSocketTransport.cpp">
      <Filter>Source Files</Filter>
    </ClCompile>
    <ClCompile Include="src\discord_handler.cpp">
      <Filter>Source Files</Filter>
    </ClCompile>
    <ClCompile Include="src\riot_api_connection.cpp">
      <Filter>Source Files</Filter>
    </ClCompile>
    <ClCompile Include="src\utils.cpp">
      <Filter>Source Files</Filter>
    </ClCompile>
  </ItemGroup>
  <ItemGroup>
    <ClInclude Include="include\base64\base64.h">
      <Filter>Header Files</Filter>
    </ClInclude>
    <ClInclude Include="include\discord-sdk\achievement_manager.h">
      <Filter>Header Files</Filter>
    </ClInclude>
    <ClInclude Include="include\discord-sdk\activity_manager.h">
      <Filter>Header Files</Filter>
    </ClInclude>
    <ClInclude Include="include\discord-sdk\application_manager.h">
      <Filter>Header Files</Filter>
    </ClInclude>
    <ClInclude Include="include\discord-sdk\core.h">
      <Filter>Header Files</Filter>
    </ClInclude>
    <ClInclude Include="include\discord-sdk\discord.h">
      <Filter>Header Files</Filter>
    </ClInclude>
    <ClInclude Include="include\discord-sdk\event.h">
      <Filter>Header Files</Filter>
    </ClInclude>
    <ClInclude Include="include\discord-sdk\ffi.h">
      <Filter>Header Files</Filter>
    </ClInclude>
    <ClInclude Include="include\discord-sdk\image_manager.h">
      <Filter>Header Files</Filter>
    </ClInclude>
    <ClInclude Include="include\discord-sdk\lobby_manager.h">
      <Filter>Header Files</Filter>
    </ClInclude>
    <ClInclude Include="include\discord-sdk\network_manager.h">
      <Filter>Header Files</Filter>
    </ClInclude>
    <ClInclude Include="include\discord-sdk\overlay_manager.h">
      <Filter>Header Files</Filter>
    </ClInclude>
    <ClInclude Include="include\discord-sdk\relationship_manager.h">
      <Filter>Header Files</Filter>
    </ClInclude>
    <ClInclude Include="include\discord-sdk\storage_manager.h">
      <Filter>Header Files</Filter>
    </ClInclude>
    <ClInclude Include="include\discord-sdk\store_manager.h">
      <Filter>Header Files</Filter>
    </ClInclude>
    <ClInclude Include="include\discord-sdk\types.h">
      <Filter>Header Files</Filter>
    </ClInclude>
    <ClInclude Include="include\discord-sdk\user_manager.h">
      <Filter>Header Files</Filter>
    </ClInclude>
    <ClInclude Include="include\discord-sdk\voice_manager.h">
      <Filter>Header Files</Filter>
    </ClInclude>
    <ClInclude Include="include\httplib\httplib.h">
      <Filter>Header Files</Filter>
    </ClInclude>
    <ClInclude Include="include\rapidjson\error\en.h">
      <Filter>Header Files</Filter>
    </ClInclude>
    <ClInclude Include="include\rapidjson\error\error.h">
      <Filter>Header Files</Filter>
    </ClInclude>
    <ClInclude Include="include\rapidjson\internal\biginteger.h">
      <Filter>Header Files</Filter>
    </ClInclude>
    <ClInclude Include="include\rapidjson\internal\clzll.h">
      <Filter>Header Files</Filter>
    </ClInclude>
    <ClInclude Include="include\rapidjson\internal\diyfp.h">
      <Filter>Header Files</Filter>
    </ClInclude>
    <ClInclude Include="include\rapidjson\internal\dtoa.h">
      <Filter>Header Files</Filter>
    </ClInclude>
    <ClInclude Include="include\rapidjson\internal\ieee754.h">
      <Filter>Header Files</Filter>
    </ClInclude>
    <ClInclude Include="include\rapidjson\internal\itoa.h">
      <Filter>Header Files</Filter>
    </ClInclude>
    <ClInclude Include="include\rapidjson\internal\meta.h">
      <Filter>Header Files</Filter>
    </ClInclude>
    <ClInclude Include="include\rapidjson\internal\pow10.h">
      <Filter>Header Files</Filter>
    </ClInclude>
    <ClInclude Include="include\rapidjson\internal\regex.h">
      <Filter>Header Files</Filter>
    </ClInclude>
    <ClInclude Include="include\rapidjson\internal\stack.h">
      <Filter>Header Files</Filter>
    </ClInclude>
    <ClInclude Include="include\rapidjson\internal\strfunc.h">
      <Filter>Header Files</Filter>
    </ClInclude>
    <ClInclude Include="include\rapidjson\internal\strtod.h">
      <Filter>Header Files</Filter>
    </ClInclude>
    <ClInclude Include="include\rapidjson\internal\swap.h">
      <Filter>Header Files</Filter>
    </ClInclude>
    <ClInclude Include="include\rapidjson\msinttypes\inttypes.h">
      <Filter>Header Files</Filter>
    </ClInclude>
    <ClInclude Include="include\rapidjson\msinttypes\stdint.h">
      <Filter>Header Files</Filter>
    </ClInclude>
    <ClInclude Include="include\rapidjson\allocators.h">
      <Filter>Header Files</Filter>
    </ClInclude>
    <ClInclude Include="include\rapidjson\cursorstreamwrapper.h">
      <Filter>Header Files</Filter>
    </ClInclude>
    <ClInclude Include="include\rapidjson\document.h">
      <Filter>Header Files</Filter>
    </ClInclude>
    <ClInclude Include="include\rapidjson\encodedstream.h">
      <Filter>Header Files</Filter>
    </ClInclude>
    <ClInclude Include="include\rapidjson\encodings.h">
      <Filter>Header Files</Filter>
    </ClInclude>
    <ClInclude Include="include\rapidjson\filereadstream.h">
      <Filter>Header Files</Filter>
    </ClInclude>
    <ClInclude Include="include\rapidjson\filewritestream.h">
      <Filter>Header Files</Filter>
    </ClInclude>
    <ClInclude Include="include\rapidjson\fwd.h">
      <Filter>Header Files</Filter>
    </ClInclude>
    <ClInclude Include="include\rapidjson\istreamwrapper.h">
      <Filter>Header Files</Filter>
    </ClInclude>
    <ClInclude Include="include\rapidjson\memorybuffer.h">
      <Filter>Header Files</Filter>
    </ClInclude>
    <ClInclude Include="include\rapidjson\memorystream.h">
      <Filter>Header Files</Filter>
    </ClInclude>
    <ClInclude Include="include\rapidjson\ostreamwrapper.h">
      <Filter>Header Files</Filter>
    </ClInclude>
    <ClInclude Include="include\rapidjson\pointer.h">
      <Filter>Header Files</Filter>
    </ClInclude>
    <ClInclude Include="include\rapidjson\prettywriter.h">
      <Filter>Header Files</Filter>
    </ClInclude>
    <ClInclude Include="include\rapidjson\rapidjson.h">
      <Filter>Header Files</Filter>
    </ClInclude>
    <ClInclude Include="include\rapidjson\reader.h">
      <Filter>Header Files</Filter>
    </ClInclude>
    <ClInclude Include="include\rapidjson\schema.h">
      <Filter>Header Files</Filter>
    </ClInclude>
    <ClInclude Include="include\rapidjson\stream.h">
      <Filter>Header Files</Filter>
    </ClInclude>
    <ClInclude Include="include\rapidjson\stringbuffer.h">
      <Filter>Header Files</Filter>
    </ClInclude>
    <ClInclude Include="include\rapidjson\uri.h">
      <Filter>Header Files</Filter>
    </ClInclude>
    <ClInclude Include="include\rapidjson\writer.h">
      <Filter>Header Files</Filter>
    </ClInclude>
    <ClInclude Include="include\ixwebsocket\IXBench.h">
      <Filter>Header Files</Filter>
    </ClInclude>
    <ClInclude Include="include\ixwebsocket\IXCancellationRequest.h">
      <Filter>Header Files</Filter>
    </ClInclude>
    <ClInclude Include="include\ixwebsocket\IXConnectionState.h">
      <Filter>Header Files</Filter>
    </ClInclude>
    <ClInclude Include="include\ixwebsocket\IXDNSLookup.h">
      <Filter>Header Files</Filter>
    </ClInclude>
    <ClInclude Include="include\ixwebsocket\IXExponentialBackoff.h">
      <Filter>Header Files</Filter>
    </ClInclude>
    <ClInclude Include="include\ixwebsocket\IXGetFreePort.h">
      <Filter>Header Files</Filter>
    </ClInclude>
    <ClInclude Include="include\ixwebsocket\IXGzipCodec.h">
      <Filter>Header Files</Filter>
    </ClInclude>
    <ClInclude Include="include\ixwebsocket\IXHttp.h">
      <Filter>Header Files</Filter>
    </ClInclude>
    <ClInclude Include="include\ixwebsocket\IXHttpClient.h">
      <Filter>Header Files</Filter>
    </ClInclude>
    <ClInclude Include="include\ixwebsocket\IXHttpServer.h">
      <Filter>Header Files</Filter>
    </ClInclude>
    <ClInclude Include="include\ixwebsocket\IXNetSystem.h">
      <Filter>Header Files</Filter>
    </ClInclude>
    <ClInclude Include="include\ixwebsocket\IXProgressCallback.h">
      <Filter>Header Files</Filter>
    </ClInclude>
    <ClInclude Include="include\ixwebsocket\IXSelectInterrupt.h">
      <Filter>Header Files</Filter>
    </ClInclude>
    <ClInclude Include="include\ixwebsocket\IXSelectInterruptFactory.h">
      <Filter>Header Files</Filter>
    </ClInclude>
    <ClInclude Include="include\ixwebsocket\IXSelectInterruptPipe.h">
      <Filter>Header Files</Filter>
    </ClInclude>
    <ClInclude Include="include\ixwebsocket\IXSetThreadName.h">
      <Filter>Header Files</Filter>
    </ClInclude>
    <ClInclude Include="include\ixwebsocket\IXSocket.h">
      <Filter>Header Files</Filter>
    </ClInclude>
    <ClInclude Include="include\ixwebsocket\IXSocketAppleSSL.h">
      <Filter>Header Files</Filter>
    </ClInclude>
    <ClInclude Include="include\ixwebsocket\IXSocketConnect.h">
      <Filter>Header Files</Filter>
    </ClInclude>
    <ClInclude Include="include\ixwebsocket\IXSocketFactory.h">
      <Filter>Header Files</Filter>
    </ClInclude>
    <ClInclude Include="include\ixwebsocket\IXSocketMbedTLS.h">
      <Filter>Header Files</Filter>
    </ClInclude>
    <ClInclude Include="include\ixwebsocket\IXSocketOpenSSL.h">
      <Filter>Header Files</Filter>
    </ClInclude>
    <ClInclude Include="include\ixwebsocket\IXSocketServer.h">
      <Filter>Header Files</Filter>
    </ClInclude>
    <ClInclude Include="include\ixwebsocket\IXSocketTLSOptions.h">
      <Filter>Header Files</Filter>
    </ClInclude>
    <ClInclude Include="include\ixwebsocket\IXStrCaseCompare.h">
      <Filter>Header Files</Filter>
    </ClInclude>
    <ClInclude Include="include\ixwebsocket\IXUdpSocket.h">
      <Filter>Header Files</Filter>
    </ClInclude>
    <ClInclude Include="include\ixwebsocket\IXUniquePtr.h">
      <Filter>Header Files</Filter>
    </ClInclude>
    <ClInclude Include="include\ixwebsocket\IXUrlParser.h">
      <Filter>Header Files</Filter>
    </ClInclude>
    <ClInclude Include="include\ixwebsocket\IXUserAgent.h">
      <Filter>Header Files</Filter>
    </ClInclude>
    <ClInclude Include="include\ixwebsocket\IXUtf8Validator.h">
      <Filter>Header Files</Filter>
    </ClInclude>
    <ClInclude Include="include\ixwebsocket\IXUuid.h">
      <Filter>Header Files</Filter>
    </ClInclude>
    <ClInclude Include="include\ixwebsocket\IXWebSocket.h">
      <Filter>Header Files</Filter>
    </ClInclude>
    <ClInclude Include="include\ixwebsocket\IXWebSocketCloseConstants.h">
      <Filter>Header Files</Filter>
    </ClInclude>
    <ClInclude Include="include\ixwebsocket\IXWebSocketCloseInfo.h">
      <Filter>Header Files</Filter>
    </ClInclude>
    <ClInclude Include="include\ixwebsocket\IXWebSocketErrorInfo.h">
      <Filter>Header Files</Filter>
    </ClInclude>
    <ClInclude Include="include\ixwebsocket\IXWebSocketHandshake.h">
      <Filter>Header Files</Filter>
    </ClInclude>
    <ClInclude Include="include\ixwebsocket\IXWebSocketHandshakeKeyGen.h">
      <Filter>Header Files</Filter>
    </ClInclude>
    <ClInclude Include="include\ixwebsocket\IXWebSocketHttpHeaders.h">
      <Filter>Header Files</Filter>
    </ClInclude>
    <ClInclude Include="include\ixwebsocket\IXWebSocketInitResult.h">
      <Filter>Header Files</Filter>
    </ClInclude>
    <ClInclude Include="include\ixwebsocket\IXWebSocketMessage.h">
      <Filter>Header Files</Filter>
    </ClInclude>
    <ClInclude Include="include\ixwebsocket\IXWebSocketMessageType.h">
      <Filter>Header Files</Filter>
    </ClInclude>
    <ClInclude Include="include\ixwebsocket\IXWebSocketOpenInfo.h">
      <Filter>Header Files</Filter>
    </ClInclude>
    <ClInclude Include="include\ixwebsocket\IXWebSocketPerMessageDeflate.h">
      <Filter>Header Files</Filter>
    </ClInclude>
    <ClInclude Include="include\ixwebsocket\IXWebSocketPerMessageDeflateCodec.h">
      <Filter>Header Files</Filter>
    </ClInclude>
    <ClInclude Include="include\ixwebsocket\IXWebSocketPerMessageDeflateOptions.h">
      <Filter>Header Files</Filter>
    </ClInclude>
    <ClInclude Include="include\ixwebsocket\IXWebSocketProxyServer.h">
      <Filter>Header Files</Filter>
    </ClInclude>
    <ClInclude Include="include\ixwebsocket\IXWebSocketSendInfo.h">
      <Filter>Header Files</Filter>
    </ClInclude>
    <ClInclude Include="include\ixwebsocket\IXWebSocketServer.h">
      <Filter>Header Files</Filter>
    </ClInclude>
    <ClInclude Include="include\ixwebsocket\IXWebSocketTransport.h">
      <Filter>Header Files</Filter>
    </ClInclude>
    <ClInclude Include="include\ixwebsocket\IXWebSocketVersion.h">
      <Filter>Header Files</Filter>
    </ClInclude>
    <ClInclude Include="include\discord_handler.h">
      <Filter>Header Files</Filter>
    </ClInclude>
    <ClInclude Include="include\riot_api_connection.h">
      <Filter>Header Files</Filter>
    </ClInclude>
    <ClInclude Include="include\utils.h">
      <Filter>Header Files</Filter>
    </ClInclude>
    <ClInclude Include="include\WIN32_config.h">
      <Filter>Header Files</Filter>
    </ClInclude>
  </ItemGroup>
</Project>